
Microsoft Visual Studio Solution File, Format Version 12.00
# Visual Studio Version 16
VisualStudioVersion = 16.0.31410.357
MinimumVisualStudioVersion = 10.0.40219.1
Project("{FAE04EC0-301F-11D3-BF4B-00C04F79EFBC}") = "BigBoxWithStartupMarquee", "BigBoxWithStartupMarquee\BigBoxWithStartupMarquee.csproj", "{51E9ACAA-1B6A-4260-B065-6491A5B1D2B9}"
EndProject
Global
	GlobalSection(SolutionConfigurationPlatforms) = preSolution
		Debug|Any CPU = Debug|Any CPU
		Release|Any CPU = Release|Any CPU
	EndGlobalSection
	GlobalSection(ProjectConfigurationPlatforms) = postSolution
		{51E9ACAA-1B6A-4260-B065-6491A5B1D2B9}.Debug|Any CPU.ActiveCfg = Debug|Any CPU
		{51E9ACAA-1B6A-4260-B065-6491A5B1D2B9}.Debug|Any CPU.Build.0 = Debug|Any CPU
		{51E9ACAA-1B6A-4260-B065-6491A5B1D2B9}.Release|Any CPU.ActiveCfg = Release|Any CPU
		{51E9ACAA-1B6A-4260-B065-6491A5B1D2B9}.Release|Any CPU.Build.0 = Release|Any CPU
	EndGlobalSection
	GlobalSection(SolutionProperties) = preSolution
		HideSolutionNode = FALSE
	EndGlobalSection
	GlobalSection(ExtensibilityGlobals) = postSolution
		SolutionGuid = {DCC21AEC-8CFE-44DD-8CC0-E96BAD0C4838}
	EndGlobalSection
EndGlobal
